
Microsoft Visual Studio Solution File, Format Version 12.00
# Visual Studio Version 17
VisualStudioVersion = 17.0.32126.317
MinimumVisualStudioVersion = 10.0.40219.1
Project("{FAE04EC0-301F-11D3-BF4B-00C04F79EFBC}") = "qltv", "qltv\qltv.csproj", "{79C44F34-8316-4420-B247-E8AB4A387D9A}"
EndProject
Global
	GlobalSection(SolutionConfigurationPlatforms) = preSolution
		Debug|Any CPU = Debug|Any CPU
		Release|Any CPU = Release|Any CPU
	EndGlobalSection
	GlobalSection(ProjectConfigurationPlatforms) = postSolution
		{79C44F34-8316-4420-B247-E8AB4A387D9A}.Debug|Any CPU.ActiveCfg = Debug|Any CPU
		{79C44F34-8316-4420-B247-E8AB4A387D9A}.Debug|Any CPU.Build.0 = Debug|Any CPU
		{79C44F34-8316-4420-B247-E8AB4A387D9A}.Release|Any CPU.ActiveCfg = Release|Any CPU
		{79C44F34-8316-4420-B247-E8AB4A387D9A}.Release|Any CPU.Build.0 = Release|Any CPU
	EndGlobalSection
	GlobalSection(SolutionProperties) = preSolution
		HideSolutionNode = FALSE
	EndGlobalSection
	GlobalSection(ExtensibilityGlobals) = postSolution
		SolutionGuid = {3EB30FDE-CC7D-4D0F-9F70-F4365A22FE00}
	EndGlobalSection
EndGlobal
